
Microsoft Visual Studio Solution File, Format Version 12.00
# Visual Studio 15
Project("{FAE04EC0-301F-11D3-BF4B-00C04F79EFBC}") = "UnityEngine.UI", "UnityEngine.UI.csproj", "{DD22336E-56E2-DBD9-7383-7EEC81C498C8}"
EndProject
Project("{FAE04EC0-301F-11D3-BF4B-00C04F79EFBC}") = "UnityEditor.UI", "UnityEditor.UI.csproj", "{BB6231DE-3FB6-F8B7-3786-9AD76F9CA91D}"
EndProject
Global
	GlobalSection(SolutionConfigurationPlatforms) = preSolution
		Debug|Any CPU = Debug|Any CPU
		Release|Any CPU = Release|Any CPU
	EndGlobalSection
	GlobalSection(ProjectConfigurationPlatforms) = postSolution
		{DD22336E-56E2-DBD9-7383-7EEC81C498C8}.Debug|Any CPU.ActiveCfg = Debug|Any CPU
		{DD22336E-56E2-DBD9-7383-7EEC81C498C8}.Debug|Any CPU.Build.0 = Debug|Any CPU
		{DD22336E-56E2-DBD9-7383-7EEC81C498C8}.Release|Any CPU.ActiveCfg = Release|Any CPU
		{DD22336E-56E2-DBD9-7383-7EEC81C498C8}.Release|Any CPU.Build.0 = Release|Any CPU
		{BB6231DE-3FB6-F8B7-3786-9AD76F9CA91D}.Debug|Any CPU.ActiveCfg = Debug|Any CPU
		{BB6231DE-3FB6-F8B7-3786-9AD76F9CA91D}.Debug|Any CPU.Build.0 = Debug|Any CPU
		{BB6231DE-3FB6-F8B7-3786-9AD76F9CA91D}.Release|Any CPU.ActiveCfg = Release|Any CPU
		{BB6231DE-3FB6-F8B7-3786-9AD76F9CA91D}.Release|Any CPU.Build.0 = Release|Any CPU
	EndGlobalSection
	GlobalSection(SolutionProperties) = preSolution
		HideSolutionNode = FALSE
	EndGlobalSection
EndGlobal
